
Microsoft Visual Studio Solution File, Format Version 12.00
# Visual Studio Version 16
VisualStudioVersion = 16.0.31321.278
MinimumVisualStudioVersion = 10.0.40219.1
Project("{FAE04EC0-301F-11D3-BF4B-00C04F79EFBC}") = "Lab16Final.Android", "Lab16Final\Lab16Final.Android\Lab16Final.Android.csproj", "{29ABA63F-972D-4420-82AD-2A49498CCEEF}"
EndProject
Project("{FAE04EC0-301F-11D3-BF4B-00C04F79EFBC}") = "Lab16Final.iOS", "Lab16Final\Lab16Final.iOS\Lab16Final.iOS.csproj", "{27E8AFEF-0739-404F-AAA2-220026A36F21}"
EndProject
Project("{FAE04EC0-301F-11D3-BF4B-00C04F79EFBC}") = "Lab16Final", "Lab16Final\Lab16Final\Lab16Final.csproj", "{940BBF58-2DD7-4ECD-934D-5B057289279F}"
EndProject
Global
	GlobalSection(SolutionConfigurationPlatforms) = preSolution
		Debug|Any CPU = Debug|Any CPU
		Debug|iPhone = Debug|iPhone
		Debug|iPhoneSimulator = Debug|iPhoneSimulator
		Release|Any CPU = Release|Any CPU
		Release|iPhone = Release|iPhone
		Release|iPhoneSimulator = Release|iPhoneSimulator
	EndGlobalSection
	GlobalSection(ProjectConfigurationPlatforms) = postSolution
		{29ABA63F-972D-4420-82AD-2A49498CCEEF}.Debug|Any CPU.ActiveCfg = Debug|Any CPU
		{29ABA63F-972D-4420-82AD-2A49498CCEEF}.Debug|Any CPU.Build.0 = Debug|Any CPU
		{29ABA63F-972D-4420-82AD-2A49498CCEEF}.Debug|Any CPU.Deploy.0 = Debug|Any CPU
		{29ABA63F-972D-4420-82AD-2A49498CCEEF}.Debug|iPhone.ActiveCfg = Debug|Any CPU
		{29ABA63F-972D-4420-82AD-2A49498CCEEF}.Debug|iPhone.Build.0 = Debug|Any CPU
		{29ABA63F-972D-4420-82AD-2A49498CCEEF}.Debug|iPhone.Deploy.0 = Debug|Any CPU
		{29ABA63F-972D-4420-82AD-2A49498CCEEF}.Debug|iPhoneSimulator.ActiveCfg = Debug|Any CPU
		{29ABA63F-972D-4420-82AD-2A49498CCEEF}.Debug|iPhoneSimulator.Build.0 = Debug|Any CPU
		{29ABA63F-972D-4420-82AD-2A49498CCEEF}.Debug|iPhoneSimulator.Deploy.0 = Debug|Any CPU
		{29ABA63F-972D-4420-82AD-2A49498CCEEF}.Release|Any CPU.ActiveCfg = Release|Any CPU
		{29ABA63F-972D-4420-82AD-2A49498CCEEF}.Release|Any CPU.Build.0 = Release|Any CPU
		{29ABA63F-972D-4420-82AD-2A49498CCEEF}.Release|Any CPU.Deploy.0 = Release|Any CPU
		{29ABA63F-972D-4420-82AD-2A49498CCEEF}.Release|iPhone.ActiveCfg = Release|Any CPU
		{29ABA63F-972D-4420-82AD-2A49498CCEEF}.Release|iPhone.Build.0 = Release|Any CPU
		{29ABA63F-972D-4420-82AD-2A49498CCEEF}.Release|iPhone.Deploy.0 = Release|Any CPU
		{29ABA63F-972D-4420-82AD-2A49498CCEEF}.Release|iPhoneSimulator.ActiveCfg = Release|Any CPU
		{29ABA63F-972D-4420-82AD-2A49498CCEEF}.Release|iPhoneSimulator.Build.0 = Release|Any CPU
		{29ABA63F-972D-4420-82AD-2A49498CCEEF}.Release|iPhoneSimulator.Deploy.0 = Release|Any CPU
		{27E8AFEF-0739-404F-AAA2-220026A36F21}.Debug|Any CPU.ActiveCfg = Debug|iPhone
		{27E8AFEF-0739-404F-AAA2-220026A36F21}.Debug|Any CPU.Build.0 = Debug|iPhone
		{27E8AFEF-0739-404F-AAA2-220026A36F21}.Debug|Any CPU.Deploy.0 = Debug|iPhone
		{27E8AFEF-0739-404F-AAA2-220026A36F21}.Debug|iPhone.ActiveCfg = Debug|iPhone
		{27E8AFEF-0739-404F-AAA2-220026A36F21}.Debug|iPhone.Build.0 = Debug|iPhone
		{27E8AFEF-0739-404F-AAA2-220026A36F21}.Debug|iPhone.Deploy.0 = Debug|iPhone
		{27E8AFEF-0739-404F-AAA2-220026A36F21}.Debug|iPhoneSimulator.ActiveCfg = Debug|iPhoneSimulator
		{27E8AFEF-0739-404F-AAA2-220026A36F21}.Debug|iPhoneSimulator.Build.0 = Debug|iPhoneSimulator
		{27E8AFEF-0739-404F-AAA2-220026A36F21}.Debug|iPhoneSimulator.Deploy.0 = Debug|iPhoneSimulator
		{27E8AFEF-0739-404F-AAA2-220026A36F21}.Release|Any CPU.ActiveCfg = Release|iPhoneSimulator
		{27E8AFEF-0739-404F-AAA2-220026A36F21}.Release|Any CPU.Build.0 = Release|iPhoneSimulator
		{27E8AFEF-0739-404F-AAA2-220026A36F21}.Release|Any CPU.Deploy.0 = Release|iPhoneSimulator
		{27E8AFEF-0739-404F-AAA2-220026A36F21}.Release|iPhone.ActiveCfg = Release|iPhone
		{27E8AFEF-0739-404F-AAA2-220026A36F21}.Release|iPhone.Build.0 = Release|iPhone
		{27E8AFEF-0739-404F-AAA2-220026A36F21}.Release|iPhone.Deploy.0 = Release|iPhone
		{27E8AFEF-0739-404F-AAA2-220026A36F21}.Release|iPhoneSimulator.ActiveCfg = Release|iPhoneSimulator
		{27E8AFEF-0739-404F-AAA2-220026A36F21}.Release|iPhoneSimulator.Build.0 = Release|iPhoneSimulator
		{27E8AFEF-0739-404F-AAA2-220026A36F21}.Release|iPhoneSimulator.Deploy.0 = Release|iPhoneSimulator
		{940BBF58-2DD7-4ECD-934D-5B057289279F}.Debug|Any CPU.ActiveCfg = Debug|Any CPU
		{940BBF58-2DD7-4ECD-934D-5B057289279F}.Debug|Any CPU.Build.0 = Debug|Any CPU
		{940BBF58-2DD7-4ECD-934D-5B057289279F}.Debug|Any CPU.Deploy.0 = Debug|Any CPU
		{940BBF58-2DD7-4ECD-934D-5B057289279F}.Debug|iPhone.ActiveCfg = Debug|Any CPU
		{940BBF58-2DD7-4ECD-934D-5B057289279F}.Debug|iPhone.Build.0 = Debug|Any CPU
		{940BBF58-2DD7-4ECD-934D-5B057289279F}.Debug|iPhone.Deploy.0 = Debug|Any CPU
		{940BBF58-2DD7-4ECD-934D-5B057289279F}.Debug|iPhoneSimulator.ActiveCfg = Debug|Any CPU
		{940BBF58-2DD7-4ECD-934D-5B057289279F}.Debug|iPhoneSimulator.Build.0 = Debug|Any CPU
		{940BBF58-2DD7-4ECD-934D-5B057289279F}.Debug|iPhoneSimulator.Deploy.0 = Debug|Any CPU
		{940BBF58-2DD7-4ECD-934D-5B057289279F}.Release|Any CPU.ActiveCfg = Release|Any CPU
		{940BBF58-2DD7-4ECD-934D-5B057289279F}.Release|Any CPU.Build.0 = Release|Any CPU
		{940BBF58-2DD7-4ECD-934D-5B057289279F}.Release|Any CPU.Deploy.0 = Release|Any CPU
		{940BBF58-2DD7-4ECD-934D-5B057289279F}.Release|iPhone.ActiveCfg = Release|Any CPU
		{940BBF58-2DD7-4ECD-934D-5B057289279F}.Release|iPhone.Build.0 = Release|Any CPU
		{940BBF58-2DD7-4ECD-934D-5B057289279F}.Release|iPhone.Deploy.0 = Release|Any CPU
		{940BBF58-2DD7-4ECD-934D-5B057289279F}.Release|iPhoneSimulator.ActiveCfg = Release|Any CPU
		{940BBF58-2DD7-4ECD-934D-5B057289279F}.Release|iPhoneSimulator.Build.0 = Release|Any CPU
		{940BBF58-2DD7-4ECD-934D-5B057289279F}.Release|iPhoneSimulator.Deploy.0 = Release|Any CPU
	EndGlobalSection
	GlobalSection(SolutionProperties) = preSolution
		HideSolutionNode = FALSE
	EndGlobalSection
	GlobalSection(ExtensibilityGlobals) = postSolution
		SolutionGuid = {45A80489-5079-4FBD-BB27-9F3EDCEE8DD6}
	EndGlobalSection
EndGlobal
